
Microsoft Visual Studio Solution File, Format Version 12.00
# Visual Studio Version 17
VisualStudioVersion = 17.11.35312.102
MinimumVisualStudioVersion = 10.0.40219.1
Project("{FAE04EC0-301F-11D3-BF4B-00C04F79EFBC}") = "GF.Console", "ConsoleApp1\GF.Console.csproj", "{5D3BE15D-401B-435A-B6CF-47E2CA3D7226}"
EndProject
Project("{FAE04EC0-301F-11D3-BF4B-00C04F79EFBC}") = "GF.Core", "GF.Core\GF.Core.csproj", "{5D1195AA-CEAC-4209-B2F2-858D912FFB5F}"
EndProject
Project("{FAE04EC0-301F-11D3-BF4B-00C04F79EFBC}") = "GF.Infrastructure", "GF.Infrastructure\GF.Infrastructure.csproj", "{FBC27449-6FCB-4444-B456-D3194E43531C}"
EndProject
Global
	GlobalSection(SolutionConfigurationPlatforms) = preSolution
		Debug|Any CPU = Debug|Any CPU
		Release|Any CPU = Release|Any CPU
	EndGlobalSection
	GlobalSection(ProjectConfigurationPlatforms) = postSolution
		{5D3BE15D-401B-435A-B6CF-47E2CA3D7226}.Debug|Any CPU.ActiveCfg = Debug|Any CPU
		{5D3BE15D-401B-435A-B6CF-47E2CA3D7226}.Debug|Any CPU.Build.0 = Debug|Any CPU
		{5D3BE15D-401B-435A-B6CF-47E2CA3D7226}.Release|Any CPU.ActiveCfg = Release|Any CPU
		{5D3BE15D-401B-435A-B6CF-47E2CA3D7226}.Release|Any CPU.Build.0 = Release|Any CPU
		{5D1195AA-CEAC-4209-B2F2-858D912FFB5F}.Debug|Any CPU.ActiveCfg = Debug|Any CPU
		{5D1195AA-CEAC-4209-B2F2-858D912FFB5F}.Debug|Any CPU.Build.0 = Debug|Any CPU
		{5D1195AA-CEAC-4209-B2F2-858D912FFB5F}.Release|Any CPU.ActiveCfg = Release|Any CPU
		{5D1195AA-CEAC-4209-B2F2-858D912FFB5F}.Release|Any CPU.Build.0 = Release|Any CPU
		{FBC27449-6FCB-4444-B456-D3194E43531C}.Debug|Any CPU.ActiveCfg = Debug|Any CPU
		{FBC27449-6FCB-4444-B456-D3194E43531C}.Debug|Any CPU.Build.0 = Debug|Any CPU
		{FBC27449-6FCB-4444-B456-D3194E43531C}.Release|Any CPU.ActiveCfg = Release|Any CPU
		{FBC27449-6FCB-4444-B456-D3194E43531C}.Release|Any CPU.Build.0 = Release|Any CPU
	EndGlobalSection
	GlobalSection(SolutionProperties) = preSolution
		HideSolutionNode = FALSE
	EndGlobalSection
	GlobalSection(ExtensibilityGlobals) = postSolution
		SolutionGuid = {42388E76-0A81-4939-91D5-37E478C38AF2}
	EndGlobalSection
EndGlobal
